
Microsoft Visual Studio Solution File, Format Version 12.00
# Visual Studio Version 16
VisualStudioVersion = 16.6.30114.105
MinimumVisualStudioVersion = 10.0.40219.1
Project("{9A19103F-16F7-4668-BE54-9A1E7A4F7556}") = "EngineSimulacao.Api", "EngineSimulacao.Api\EngineSimulacao.Api.csproj", "{987F0D01-9B24-41D0-887C-D2DC9BDA312A}"
EndProject
Project("{9A19103F-16F7-4668-BE54-9A1E7A4F7556}") = "EngineSimulacao.ExemploPosto", "EngineSimulacao.ExemploPosto\EngineSimulacao.ExemploPosto.csproj", "{9779875D-CD73-401A-B3D7-A8585CA6EA43}"
EndProject
Project("{FAE04EC0-301F-11D3-BF4B-00C04F79EFBC}") = "EngineSimulacao.Restaurante", "EngineSimulacao.Restaurante\EngineSimulacao.Restaurante.csproj", "{77D5CECF-C8B8-44D4-B43F-E26AC62939D9}"
EndProject
Project("{FAE04EC0-301F-11D3-BF4B-00C04F79EFBC}") = "EngineSimulacao.RestauranteSemGarcom", "EngineSimulacao.RestauranteSemGarcom\EngineSimulacao.RestauranteSemGarcom.csproj", "{D9C4AD2D-452B-44EA-848C-9074C26BB590}"
EndProject
Global
	GlobalSection(SolutionConfigurationPlatforms) = preSolution
		Debug|Any CPU = Debug|Any CPU
		Debug|x64 = Debug|x64
		Debug|x86 = Debug|x86
		Release|Any CPU = Release|Any CPU
		Release|x64 = Release|x64
		Release|x86 = Release|x86
	EndGlobalSection
	GlobalSection(ProjectConfigurationPlatforms) = postSolution
		{987F0D01-9B24-41D0-887C-D2DC9BDA312A}.Debug|Any CPU.ActiveCfg = Debug|Any CPU
		{987F0D01-9B24-41D0-887C-D2DC9BDA312A}.Debug|Any CPU.Build.0 = Debug|Any CPU
		{987F0D01-9B24-41D0-887C-D2DC9BDA312A}.Debug|x64.ActiveCfg = Debug|Any CPU
		{987F0D01-9B24-41D0-887C-D2DC9BDA312A}.Debug|x64.Build.0 = Debug|Any CPU
		{987F0D01-9B24-41D0-887C-D2DC9BDA312A}.Debug|x86.ActiveCfg = Debug|Any CPU
		{987F0D01-9B24-41D0-887C-D2DC9BDA312A}.Debug|x86.Build.0 = Debug|Any CPU
		{987F0D01-9B24-41D0-887C-D2DC9BDA312A}.Release|Any CPU.ActiveCfg = Release|Any CPU
		{987F0D01-9B24-41D0-887C-D2DC9BDA312A}.Release|Any CPU.Build.0 = Release|Any CPU
		{987F0D01-9B24-41D0-887C-D2DC9BDA312A}.Release|x64.ActiveCfg = Release|Any CPU
		{987F0D01-9B24-41D0-887C-D2DC9BDA312A}.Release|x64.Build.0 = Release|Any CPU
		{987F0D01-9B24-41D0-887C-D2DC9BDA312A}.Release|x86.ActiveCfg = Release|Any CPU
		{987F0D01-9B24-41D0-887C-D2DC9BDA312A}.Release|x86.Build.0 = Release|Any CPU
		{9779875D-CD73-401A-B3D7-A8585CA6EA43}.Debug|Any CPU.ActiveCfg = Debug|Any CPU
		{9779875D-CD73-401A-B3D7-A8585CA6EA43}.Debug|Any CPU.Build.0 = Debug|Any CPU
		{9779875D-CD73-401A-B3D7-A8585CA6EA43}.Debug|x64.ActiveCfg = Debug|Any CPU
		{9779875D-CD73-401A-B3D7-A8585CA6EA43}.Debug|x64.Build.0 = Debug|Any CPU
		{9779875D-CD73-401A-B3D7-A8585CA6EA43}.Debug|x86.ActiveCfg = Debug|Any CPU
		{9779875D-CD73-401A-B3D7-A8585CA6EA43}.Debug|x86.Build.0 = Debug|Any CPU
		{9779875D-CD73-401A-B3D7-A8585CA6EA43}.Release|Any CPU.ActiveCfg = Release|Any CPU
		{9779875D-CD73-401A-B3D7-A8585CA6EA43}.Release|Any CPU.Build.0 = Release|Any CPU
		{9779875D-CD73-401A-B3D7-A8585CA6EA43}.Release|x64.ActiveCfg = Release|Any CPU
		{9779875D-CD73-401A-B3D7-A8585CA6EA43}.Release|x64.Build.0 = Release|Any CPU
		{9779875D-CD73-401A-B3D7-A8585CA6EA43}.Release|x86.ActiveCfg = Release|Any CPU
		{9779875D-CD73-401A-B3D7-A8585CA6EA43}.Release|x86.Build.0 = Release|Any CPU
		{77D5CECF-C8B8-44D4-B43F-E26AC62939D9}.Debug|Any CPU.ActiveCfg = Debug|Any CPU
		{77D5CECF-C8B8-44D4-B43F-E26AC62939D9}.Debug|Any CPU.Build.0 = Debug|Any CPU
		{77D5CECF-C8B8-44D4-B43F-E26AC62939D9}.Debug|x64.ActiveCfg = Debug|Any CPU
		{77D5CECF-C8B8-44D4-B43F-E26AC62939D9}.Debug|x64.Build.0 = Debug|Any CPU
		{77D5CECF-C8B8-44D4-B43F-E26AC62939D9}.Debug|x86.ActiveCfg = Debug|Any CPU
		{77D5CECF-C8B8-44D4-B43F-E26AC62939D9}.Debug|x86.Build.0 = Debug|Any CPU
		{77D5CECF-C8B8-44D4-B43F-E26AC62939D9}.Release|Any CPU.ActiveCfg = Release|Any CPU
		{77D5CECF-C8B8-44D4-B43F-E26AC62939D9}.Release|Any CPU.Build.0 = Release|Any CPU
		{77D5CECF-C8B8-44D4-B43F-E26AC62939D9}.Release|x64.ActiveCfg = Release|Any CPU
		{77D5CECF-C8B8-44D4-B43F-E26AC62939D9}.Release|x64.Build.0 = Release|Any CPU
		{77D5CECF-C8B8-44D4-B43F-E26AC62939D9}.Release|x86.ActiveCfg = Release|Any CPU
		{77D5CECF-C8B8-44D4-B43F-E26AC62939D9}.Release|x86.Build.0 = Release|Any CPU
		{D9C4AD2D-452B-44EA-848C-9074C26BB590}.Debug|Any CPU.ActiveCfg = Debug|Any CPU
		{D9C4AD2D-452B-44EA-848C-9074C26BB590}.Debug|Any CPU.Build.0 = Debug|Any CPU
		{D9C4AD2D-452B-44EA-848C-9074C26BB590}.Debug|x64.ActiveCfg = Debug|Any CPU
		{D9C4AD2D-452B-44EA-848C-9074C26BB590}.Debug|x64.Build.0 = Debug|Any CPU
		{D9C4AD2D-452B-44EA-848C-9074C26BB590}.Debug|x86.ActiveCfg = Debug|Any CPU
		{D9C4AD2D-452B-44EA-848C-9074C26BB590}.Debug|x86.Build.0 = Debug|Any CPU
		{D9C4AD2D-452B-44EA-848C-9074C26BB590}.Release|Any CPU.ActiveCfg = Release|Any CPU
		{D9C4AD2D-452B-44EA-848C-9074C26BB590}.Release|Any CPU.Build.0 = Release|Any CPU
		{D9C4AD2D-452B-44EA-848C-9074C26BB590}.Release|x64.ActiveCfg = Release|Any CPU
		{D9C4AD2D-452B-44EA-848C-9074C26BB590}.Release|x64.Build.0 = Release|Any CPU
		{D9C4AD2D-452B-44EA-848C-9074C26BB590}.Release|x86.ActiveCfg = Release|Any CPU
		{D9C4AD2D-452B-44EA-848C-9074C26BB590}.Release|x86.Build.0 = Release|Any CPU
	EndGlobalSection
	GlobalSection(SolutionProperties) = preSolution
		HideSolutionNode = FALSE
	EndGlobalSection
	GlobalSection(ExtensibilityGlobals) = postSolution
		SolutionGuid = {56E3C364-AAA8-4530-B4F5-2680039AC891}
	EndGlobalSection
EndGlobal
